
Microsoft Visual Studio Solution File, Format Version 12.00
# Visual Studio Version 17
VisualStudioVersion = 17.11.35327.3
MinimumVisualStudioVersion = 10.0.40219.1
Project("{9A19103F-16F7-4668-BE54-9A1E7A4F7556}") = "EmployeeManagement.Web", "EmployeeManagement.Web.csproj", "{34CA05F8-6763-4997-8D51-7C4C6E270BC2}"
EndProject
Project("{9A19103F-16F7-4668-BE54-9A1E7A4F7556}") = "EmployeeManagement.Application", "..\EmployeeManagement.Application\EmployeeManagement.Application.csproj", "{2C81DA6F-A740-4161-A37E-9331CDEF726A}"
EndProject
Project("{9A19103F-16F7-4668-BE54-9A1E7A4F7556}") = "EmployeeManagement.Core", "..\EmployeeManagement.Core\EmployeeManagement.Core.csproj", "{681F5AF5-6CB7-49CC-91DD-66FDDD9991B1}"
EndProject
Project("{9A19103F-16F7-4668-BE54-9A1E7A4F7556}") = "EmployeeManagement.Infrastructure", "..\EmployeeManagement.Infrastructure\EmployeeManagement.Infrastructure.csproj", "{B22512EF-DEC7-475A-AADB-25DCB97454F3}"
EndProject
Global
	GlobalSection(SolutionConfigurationPlatforms) = preSolution
		Debug|Any CPU = Debug|Any CPU
		Release|Any CPU = Release|Any CPU
	EndGlobalSection
	GlobalSection(ProjectConfigurationPlatforms) = postSolution
		{34CA05F8-6763-4997-8D51-7C4C6E270BC2}.Debug|Any CPU.ActiveCfg = Debug|Any CPU
		{34CA05F8-6763-4997-8D51-7C4C6E270BC2}.Debug|Any CPU.Build.0 = Debug|Any CPU
		{34CA05F8-6763-4997-8D51-7C4C6E270BC2}.Release|Any CPU.ActiveCfg = Release|Any CPU
		{34CA05F8-6763-4997-8D51-7C4C6E270BC2}.Release|Any CPU.Build.0 = Release|Any CPU
		{2C81DA6F-A740-4161-A37E-9331CDEF726A}.Debug|Any CPU.ActiveCfg = Debug|Any CPU
		{2C81DA6F-A740-4161-A37E-9331CDEF726A}.Debug|Any CPU.Build.0 = Debug|Any CPU
		{2C81DA6F-A740-4161-A37E-9331CDEF726A}.Release|Any CPU.ActiveCfg = Release|Any CPU
		{2C81DA6F-A740-4161-A37E-9331CDEF726A}.Release|Any CPU.Build.0 = Release|Any CPU
		{681F5AF5-6CB7-49CC-91DD-66FDDD9991B1}.Debug|Any CPU.ActiveCfg = Debug|Any CPU
		{681F5AF5-6CB7-49CC-91DD-66FDDD9991B1}.Debug|Any CPU.Build.0 = Debug|Any CPU
		{681F5AF5-6CB7-49CC-91DD-66FDDD9991B1}.Release|Any CPU.ActiveCfg = Release|Any CPU
		{681F5AF5-6CB7-49CC-91DD-66FDDD9991B1}.Release|Any CPU.Build.0 = Release|Any CPU
		{B22512EF-DEC7-475A-AADB-25DCB97454F3}.Debug|Any CPU.ActiveCfg = Debug|Any CPU
		{B22512EF-DEC7-475A-AADB-25DCB97454F3}.Debug|Any CPU.Build.0 = Debug|Any CPU
		{B22512EF-DEC7-475A-AADB-25DCB97454F3}.Release|Any CPU.ActiveCfg = Release|Any CPU
		{B22512EF-DEC7-475A-AADB-25DCB97454F3}.Release|Any CPU.Build.0 = Release|Any CPU
	EndGlobalSection
	GlobalSection(SolutionProperties) = preSolution
		HideSolutionNode = FALSE
	EndGlobalSection
	GlobalSection(ExtensibilityGlobals) = postSolution
		SolutionGuid = {54F79B80-5299-4775-9DA6-4E5582CD632E}
	EndGlobalSection
EndGlobal
